
Microsoft Visual Studio Solution File, Format Version 12.00
# Visual Studio Version 17
VisualStudioVersion = 17.4.33213.308
MinimumVisualStudioVersion = 10.0.40219.1
Project("{9A19103F-16F7-4668-BE54-9A1E7A4F7556}") = "Вложенные циклы", "Вложенные циклы.csproj", "{195EB8B4-8C58-4F42-AE57-4049BEF343CA}"
EndProject
Global
	GlobalSection(SolutionConfigurationPlatforms) = preSolution
		Debug|Any CPU = Debug|Any CPU
		Release|Any CPU = Release|Any CPU
	EndGlobalSection
	GlobalSection(ProjectConfigurationPlatforms) = postSolution
		{195EB8B4-8C58-4F42-AE57-4049BEF343CA}.Debug|Any CPU.ActiveCfg = Debug|Any CPU
		{195EB8B4-8C58-4F42-AE57-4049BEF343CA}.Debug|Any CPU.Build.0 = Debug|Any CPU
		{195EB8B4-8C58-4F42-AE57-4049BEF343CA}.Release|Any CPU.ActiveCfg = Release|Any CPU
		{195EB8B4-8C58-4F42-AE57-4049BEF343CA}.Release|Any CPU.Build.0 = Release|Any CPU
	EndGlobalSection
	GlobalSection(SolutionProperties) = preSolution
		HideSolutionNode = FALSE
	EndGlobalSection
	GlobalSection(ExtensibilityGlobals) = postSolution
		SolutionGuid = {73375536-2D63-418A-9443-F117BF9E95A9}
	EndGlobalSection
EndGlobal
